
Microsoft Visual Studio Solution File, Format Version 12.00
# Visual Studio Version 16
VisualStudioVersion = 16.0.31025.194
MinimumVisualStudioVersion = 10.0.40219.1
Project("{FAE04EC0-301F-11D3-BF4B-00C04F79EFBC}") = "c1", "homework3\c1.csproj", "{E73BC640-9DD6-4D60-9349-3E53BC77E7BE}"
EndProject
Project("{FAE04EC0-301F-11D3-BF4B-00C04F79EFBC}") = "c2", "c2\c2.csproj", "{00AD13FE-B9A5-4D5E-ADD4-7F3BE2CF6449}"
EndProject
Global
	GlobalSection(SolutionConfigurationPlatforms) = preSolution
		Debug|Any CPU = Debug|Any CPU
		Release|Any CPU = Release|Any CPU
	EndGlobalSection
	GlobalSection(ProjectConfigurationPlatforms) = postSolution
		{E73BC640-9DD6-4D60-9349-3E53BC77E7BE}.Debug|Any CPU.ActiveCfg = Debug|Any CPU
		{E73BC640-9DD6-4D60-9349-3E53BC77E7BE}.Debug|Any CPU.Build.0 = Debug|Any CPU
		{E73BC640-9DD6-4D60-9349-3E53BC77E7BE}.Release|Any CPU.ActiveCfg = Release|Any CPU
		{E73BC640-9DD6-4D60-9349-3E53BC77E7BE}.Release|Any CPU.Build.0 = Release|Any CPU
		{00AD13FE-B9A5-4D5E-ADD4-7F3BE2CF6449}.Debug|Any CPU.ActiveCfg = Debug|Any CPU
		{00AD13FE-B9A5-4D5E-ADD4-7F3BE2CF6449}.Debug|Any CPU.Build.0 = Debug|Any CPU
		{00AD13FE-B9A5-4D5E-ADD4-7F3BE2CF6449}.Release|Any CPU.ActiveCfg = Release|Any CPU
		{00AD13FE-B9A5-4D5E-ADD4-7F3BE2CF6449}.Release|Any CPU.Build.0 = Release|Any CPU
	EndGlobalSection
	GlobalSection(SolutionProperties) = preSolution
		HideSolutionNode = FALSE
	EndGlobalSection
	GlobalSection(ExtensibilityGlobals) = postSolution
		SolutionGuid = {7DD5D2C6-E63D-4801-BB54-085885405774}
	EndGlobalSection
EndGlobal
